
Microsoft Visual Studio Solution File, Format Version 12.00
# Visual Studio 15
VisualStudioVersion = 15.0.26730.8
MinimumVisualStudioVersion = 10.0.40219.1
Project("{FAE04EC0-301F-11D3-BF4B-00C04F79EFBC}") = "CustomSpinner", "CustomSpinner\CustomSpinner.csproj", "{5ECC4989-22EA-4991-9497-D5C032316FB4}"
EndProject
Project("{FAE04EC0-301F-11D3-BF4B-00C04F79EFBC}") = "DualSpinnerControl", "DualSpinnerControl\DualSpinnerControl.csproj", "{A2D342EF-A18F-4F3A-8DFE-57A244202D07}"
EndProject
Project("{FAE04EC0-301F-11D3-BF4B-00C04F79EFBC}") = "SpinnerTestApp", "SpinnerTestApp\SpinnerTestApp.csproj", "{84B56E07-0F3A-4B0E-BE48-8585FA1BD15F}"
EndProject
Global
	GlobalSection(SolutionConfigurationPlatforms) = preSolution
		Debug|Any CPU = Debug|Any CPU
		Release|Any CPU = Release|Any CPU
	EndGlobalSection
	GlobalSection(ProjectConfigurationPlatforms) = postSolution
		{5ECC4989-22EA-4991-9497-D5C032316FB4}.Debug|Any CPU.ActiveCfg = Debug|Any CPU
		{5ECC4989-22EA-4991-9497-D5C032316FB4}.Debug|Any CPU.Build.0 = Debug|Any CPU
		{5ECC4989-22EA-4991-9497-D5C032316FB4}.Release|Any CPU.ActiveCfg = Release|Any CPU
		{5ECC4989-22EA-4991-9497-D5C032316FB4}.Release|Any CPU.Build.0 = Release|Any CPU
		{A2D342EF-A18F-4F3A-8DFE-57A244202D07}.Debug|Any CPU.ActiveCfg = Debug|Any CPU
		{A2D342EF-A18F-4F3A-8DFE-57A244202D07}.Debug|Any CPU.Build.0 = Debug|Any CPU
		{A2D342EF-A18F-4F3A-8DFE-57A244202D07}.Release|Any CPU.ActiveCfg = Release|Any CPU
		{A2D342EF-A18F-4F3A-8DFE-57A244202D07}.Release|Any CPU.Build.0 = Release|Any CPU
		{84B56E07-0F3A-4B0E-BE48-8585FA1BD15F}.Debug|Any CPU.ActiveCfg = Debug|Any CPU
		{84B56E07-0F3A-4B0E-BE48-8585FA1BD15F}.Debug|Any CPU.Build.0 = Debug|Any CPU
		{84B56E07-0F3A-4B0E-BE48-8585FA1BD15F}.Release|Any CPU.ActiveCfg = Release|Any CPU
		{84B56E07-0F3A-4B0E-BE48-8585FA1BD15F}.Release|Any CPU.Build.0 = Release|Any CPU
	EndGlobalSection
	GlobalSection(SolutionProperties) = preSolution
		HideSolutionNode = FALSE
	EndGlobalSection
	GlobalSection(ExtensibilityGlobals) = postSolution
		SolutionGuid = {8913E06A-B068-4FB5-89C0-B78D29032FAC}
	EndGlobalSection
EndGlobal
